
Microsoft Visual Studio Solution File, Format Version 12.00
# Visual Studio Version 16
VisualStudioVersion = 16.0.29215.179
MinimumVisualStudioVersion = 10.0.40219.1
Project("{FAE04EC0-301F-11D3-BF4B-00C04F79EFBC}") = "Hello", "Hello\Hello.csproj", "{A2484022-499D-4EFC-87D9-DCEC7A913D00}"
EndProject
Global
	GlobalSection(SolutionConfigurationPlatforms) = preSolution
		Debug|Any CPU = Debug|Any CPU
		Release|Any CPU = Release|Any CPU
	EndGlobalSection
	GlobalSection(ProjectConfigurationPlatforms) = postSolution
		{A2484022-499D-4EFC-87D9-DCEC7A913D00}.Debug|Any CPU.ActiveCfg = Debug|Any CPU
		{A2484022-499D-4EFC-87D9-DCEC7A913D00}.Debug|Any CPU.Build.0 = Debug|Any CPU
		{A2484022-499D-4EFC-87D9-DCEC7A913D00}.Release|Any CPU.ActiveCfg = Release|Any CPU
		{A2484022-499D-4EFC-87D9-DCEC7A913D00}.Release|Any CPU.Build.0 = Release|Any CPU
	EndGlobalSection
	GlobalSection(SolutionProperties) = preSolution
		HideSolutionNode = FALSE
	EndGlobalSection
	GlobalSection(ExtensibilityGlobals) = postSolution
		SolutionGuid = {6F90CD5D-21C5-4337-A748-140BFFFAB0E8}
	EndGlobalSection
EndGlobal
